// !$*UTF8*$!
{
	archiveVersion = 1;
	classes = {
	};
	objectVersion = 46;
	objects = {

/* Begin PBXBuildFile section */
		B5C8E8C21B418A1500C2038A /* AppDelegate.swift in Sources */ = {isa = PBXBuildFile; fileRef = B5C8E8C11B418A1500C2038A /* AppDelegate.swift */; };
		B5C8E8C71B418A1500C2038A /* Main.storyboard in Resources */ = {isa = PBXBuildFile; fileRef = B5C8E8C51B418A1500C2038A /* Main.storyboard */; };
		B5C8E8C91B418A1500C2038A /* Images.xcassets in Resources */ = {isa = PBXBuildFile; fileRef = B5C8E8C81B418A1500C2038A /* Images.xcassets */; };
		B5C8E8CC1B418A1500C2038A /* LaunchScreen.xib in Resources */ = {isa = PBXBuildFile; fileRef = B5C8E8CA1B418A1500C2038A /* LaunchScreen.xib */; };
		B5C8E8E21B418A9200C2038A /* PetTypeTableViewController.swift in Sources */ = {isa = PBXBuildFile; fileRef = B5C8E8E11B418A9200C2038A /* PetTypeTableViewController.swift */; };
		B5C8E8E41B418C6900C2038A /* PetPicCollectionViewController.swift in Sources */ = {isa = PBXBuildFile; fileRef = B5C8E8E31B418C6900C2038A /* PetPicCollectionViewController.swift */; };
		B5C8E8E61B41920700C2038A /* PetCollectionViewCell.swift in Sources */ = {isa = PBXBuildFile; fileRef = B5C8E8E51B41920700C2038A /* PetCollectionViewCell.swift */; };
		B5C8E8E81B419A3600C2038A /* PetViewController.swift in Sources */ = {isa = PBXBuildFile; fileRef = B5C8E8E71B419A3600C2038A /* PetViewController.swift */; };
		B5C8E8EA1B419C8600C2038A /* UIViewController+Background.swift in Sources */ = {isa = PBXBuildFile; fileRef = B5C8E8E91B419C8600C2038A /* UIViewController+Background.swift */; };
		B5C8E8F21B42F4EA00C2038A /* PetTypeTableViewControllerTest.swift in Sources */ = {isa = PBXBuildFile; fileRef = B5C8E8F11B42F4EA00C2038A /* PetTypeTableViewControllerTest.swift */; };
		B5C8E8F31B42F53600C2038A /* Main.storyboard in Resources */ = {isa = PBXBuildFile; fileRef = B5C8E8C51B418A1500C2038A /* Main.storyboard */; };
		B5C8E8F41B42F57F00C2038A /* PetTypeTableViewController.swift in Sources */ = {isa = PBXBuildFile; fileRef = B5C8E8E11B418A9200C2038A /* PetTypeTableViewController.swift */; };
		B5C8E8F51B42F59000C2038A /* PetPicCollectionViewController.swift in Sources */ = {isa = PBXBuildFile; fileRef = B5C8E8E31B418C6900C2038A /* PetPicCollectionViewController.swift */; };
		B5C8E8F61B42F59A00C2038A /* UIViewController+Background.swift in Sources */ = {isa = PBXBuildFile; fileRef = B5C8E8E91B419C8600C2038A /* UIViewController+Background.swift */; };
		B5C8E8F71B42F5AE00C2038A /* PetCollectionViewCell.swift in Sources */ = {isa = PBXBuildFile; fileRef = B5C8E8E51B41920700C2038A /* PetCollectionViewCell.swift */; };
		B5C8E8F81B42F5B700C2038A /* PetViewController.swift in Sources */ = {isa = PBXBuildFile; fileRef = B5C8E8E71B419A3600C2038A /* PetViewController.swift */; };
		B5C8E93A1B430E0900C2038A /* UIAlertView+Helper.m in Sources */ = {isa = PBXBuildFile; fileRef = B5C8E9391B430E0900C2038A /* UIAlertView+Helper.m */; };
/* End PBXBuildFile section */

/* Begin PBXContainerItemProxy section */
		B5C8E8D21B418A1500C2038A /* PBXContainerItemProxy */ = {
			isa = PBXContainerItemProxy;
			containerPortal = B5C8E8B41B418A1500C2038A /* Project object */;
			proxyType = 1;
			remoteGlobalIDString = B5C8E8BB1B418A1500C2038A;
			remoteInfo = PetPics;
		};
/* End PBXContainerItemProxy section */

/* Begin PBXFileReference section */
		B5C8E8BC1B418A1500C2038A /* PetPics.app */ = {isa = PBXFileReference; explicitFileType = wrapper.application; includeInIndex = 0; path = PetPics.app; sourceTree = BUILT_PRODUCTS_DIR; };
		B5C8E8C01B418A1500C2038A /* Info.plist */ = {isa = PBXFileReference; lastKnownFileType = text.plist.xml; path = Info.plist; sourceTree = "<group>"; };
		B5C8E8C11B418A1500C2038A /* AppDelegate.swift */ = {isa = PBXFileReference; lastKnownFileType = sourcecode.swift; path = AppDelegate.swift; sourceTree = "<group>"; };
		B5C8E8C61B418A1500C2038A /* Base */ = {isa = PBXFileReference; lastKnownFileType = file.storyboard; name = Base; path = Base.lproj/Main.storyboard; sourceTree = "<group>"; };
		B5C8E8C81B418A1500C2038A /* Images.xcassets */ = {isa = PBXFileReference; lastKnownFileType = folder.assetcatalog; path = Images.xcassets; sourceTree = "<group>"; };
		B5C8E8CB1B418A1500C2038A /* Base */ = {isa = PBXFileReference; lastKnownFileType = file.xib; name = Base; path = Base.lproj/LaunchScreen.xib; sourceTree = "<group>"; };
		B5C8E8D11B418A1500C2038A /* PetPicsTests.xctest */ = {isa = PBXFileReference; explicitFileType = wrapper.cfbundle; includeInIndex = 0; path = PetPicsTests.xctest; sourceTree = BUILT_PRODUCTS_DIR; };
		B5C8E8D61B418A1500C2038A /* Info.plist */ = {isa = PBXFileReference; lastKnownFileType = text.plist.xml; path = Info.plist; sourceTree = "<group>"; };
		B5C8E8E11B418A9200C2038A /* PetTypeTableViewController.swift */ = {isa = PBXFileReference; fileEncoding = 4; lastKnownFileType = sourcecode.swift; path = PetTypeTableViewController.swift; sourceTree = "<group>"; };
		B5C8E8E31B418C6900C2038A /* PetPicCollectionViewController.swift */ = {isa = PBXFileReference; fileEncoding = 4; lastKnownFileType = sourcecode.swift; path = PetPicCollectionViewController.swift; sourceTree = "<group>"; };
		B5C8E8E51B41920700C2038A /* PetCollectionViewCell.swift */ = {isa = PBXFileReference; fileEncoding = 4; lastKnownFileType = sourcecode.swift; path = PetCollectionViewCell.swift; sourceTree = "<group>"; };
		B5C8E8E71B419A3600C2038A /* PetViewController.swift */ = {isa = PBXFileReference; fileEncoding = 4; lastKnownFileType = sourcecode.swift; path = PetViewController.swift; sourceTree = "<group>"; };
		B5C8E8E91B419C8600C2038A /* UIViewController+Background.swift */ = {isa = PBXFileReference; fileEncoding = 4; lastKnownFileType = sourcecode.swift; path = "UIViewController+Background.swift"; sourceTree = "<group>"; };
		B5C8E8F01B42F4E900C2038A /* PetPicsTests-Bridging-Header.h */ = {isa = PBXFileReference; lastKnownFileType = sourcecode.c.h; path = "PetPicsTests-Bridging-Header.h"; sourceTree = "<group>"; };
		B5C8E8F11B42F4EA00C2038A /* PetTypeTableViewControllerTest.swift */ = {isa = PBXFileReference; fileEncoding = 4; lastKnownFileType = sourcecode.swift; path = PetTypeTableViewControllerTest.swift; sourceTree = "<group>"; };
		B5C8E9331B430BD300C2038A /* PetPics-Bridging-Header.h */ = {isa = PBXFileReference; lastKnownFileType = sourcecode.c.h; path = "PetPics-Bridging-Header.h"; sourceTree = "<group>"; };
		B5C8E9381B430E0900C2038A /* UIAlertView+Helper.h */ = {isa = PBXFileReference; fileEncoding = 4; lastKnownFileType = sourcecode.c.h; path = "UIAlertView+Helper.h"; sourceTree = "<group>"; };
		B5C8E9391B430E0900C2038A /* UIAlertView+Helper.m */ = {isa = PBXFileReference; fileEncoding = 4; lastKnownFileType = sourcecode.c.objc; path = "UIAlertView+Helper.m"; sourceTree = "<group>"; };
/* End PBXFileReference section */

/* Begin PBXFrameworksBuildPhase section */
		B5C8E8B91B418A1500C2038A /* Frameworks */ = {
			isa = PBXFrameworksBuildPhase;
			buildActionMask = 2147483647;
			files = (
			);
			runOnlyForDeploymentPostprocessing = 0;
		};
		B5C8E8CE1B418A1500C2038A /* Frameworks */ = {
			isa = PBXFrameworksBuildPhase;
			buildActionMask = 2147483647;
			files = (
			);
			runOnlyForDeploymentPostprocessing = 0;
		};
/* End PBXFrameworksBuildPhase section */

/* Begin PBXGroup section */
		B5C8E8B31B418A1500C2038A = {
			isa = PBXGroup;
			children = (
				B5C8E8BE1B418A1500C2038A /* PetPics */,
				B5C8E8D41B418A1500C2038A /* PetPicsTests */,
				B5C8E8BD1B418A1500C2038A /* Products */,
			);
			sourceTree = "<group>";
		};
		B5C8E8BD1B418A1500C2038A /* Products */ = {
			isa = PBXGroup;
			children = (
				B5C8E8BC1B418A1500C2038A /* PetPics.app */,
				B5C8E8D11B418A1500C2038A /* PetPicsTests.xctest */,
			);
			name = Products;
			sourceTree = "<group>";
		};
		B5C8E8BE1B418A1500C2038A /* PetPics */ = {
			isa = PBXGroup;
			children = (
				B5C8E8C11B418A1500C2038A /* AppDelegate.swift */,
				B5C8E8C51B418A1500C2038A /* Main.storyboard */,
				B5C8E8E11B418A9200C2038A /* PetTypeTableViewController.swift */,
				B5C8E8E31B418C6900C2038A /* PetPicCollectionViewController.swift */,
				B5C8E8E51B41920700C2038A /* PetCollectionViewCell.swift */,
				B5C8E8E71B419A3600C2038A /* PetViewController.swift */,
				B5C8E8E91B419C8600C2038A /* UIViewController+Background.swift */,
				B5C8E8C81B418A1500C2038A /* Images.xcassets */,
				B5C8E8CA1B418A1500C2038A /* LaunchScreen.xib */,
				B5C8E8BF1B418A1500C2038A /* Supporting Files */,
				B5C8E9381B430E0900C2038A /* UIAlertView+Helper.h */,
				B5C8E9391B430E0900C2038A /* UIAlertView+Helper.m */,
				B5C8E9331B430BD300C2038A /* PetPics-Bridging-Header.h */,
			);
			path = PetPics;
			sourceTree = "<group>";
		};
		B5C8E8BF1B418A1500C2038A /* Supporting Files */ = {
			isa = PBXGroup;
			children = (
				B5C8E8C01B418A1500C2038A /* Info.plist */,
			);
			name = "Supporting Files";
			sourceTree = "<group>";
		};
		B5C8E8D41B418A1500C2038A /* PetPicsTests */ = {
			isa = PBXGroup;
			children = (
				B5C8E8D51B418A1500C2038A /* Supporting Files */,
				B5C8E8F11B42F4EA00C2038A /* PetTypeTableViewControllerTest.swift */,
				B5C8E8F01B42F4E900C2038A /* PetPicsTests-Bridging-Header.h */,
			);
			path = PetPicsTests;
			sourceTree = "<group>";
		};
		B5C8E8D51B418A1500C2038A /* Supporting Files */ = {
			isa = PBXGroup;
			children = (
				B5C8E8D61B418A1500C2038A /* Info.plist */,
			);
			name = "Supporting Files";
			sourceTree = "<group>";
		};
/* End PBXGroup section */

/* Begin PBXNativeTarget section */
		B5C8E8BB1B418A1500C2038A /* PetPics */ = {
			isa = PBXNativeTarget;
			buildConfigurationList = B5C8E8DB1B418A1500C2038A /* Build configuration list for PBXNativeTarget "PetPics" */;
			buildPhases = (
				B5C8E8B81B418A1500C2038A /* Sources */,
				B5C8E8B91B418A1500C2038A /* Frameworks */,
				B5C8E8BA1B418A1500C2038A /* Resources */,
			);
			buildRules = (
			);
			dependencies = (
			);
			name = PetPics;
			productName = PetPics;
			productReference = B5C8E8BC1B418A1500C2038A /* PetPics.app */;
			productType = "com.apple.product-type.application";
		};
		B5C8E8D01B418A1500C2038A /* PetPicsTests */ = {
			isa = PBXNativeTarget;
			buildConfigurationList = B5C8E8DE1B418A1500C2038A /* Build configuration list for PBXNativeTarget "PetPicsTests" */;
			buildPhases = (
				B5C8E8CD1B418A1500C2038A /* Sources */,
				B5C8E8CE1B418A1500C2038A /* Frameworks */,
				B5C8E8CF1B418A1500C2038A /* Resources */,
			);
			buildRules = (
			);
			dependencies = (
				B5C8E8D31B418A1500C2038A /* PBXTargetDependency */,
			);
			name = PetPicsTests;
			productName = PetPicsTests;
			productReference = B5C8E8D11B418A1500C2038A /* PetPicsTests.xctest */;
			productType = "com.apple.product-type.bundle.unit-test";
		};
/* End PBXNativeTarget section */

/* Begin PBXProject section */
		B5C8E8B41B418A1500C2038A /* Project object */ = {
			isa = PBXProject;
			attributes = {
				LastSwiftMigration = 0700;
				LastSwiftUpdateCheck = 0700;
				LastUpgradeCheck = 0710;
				ORGANIZATIONNAME = NNM;
				TargetAttributes = {
					B5C8E8BB1B418A1500C2038A = {
						CreatedOnToolsVersion = 6.3.2;
					};
					B5C8E8D01B418A1500C2038A = {
						CreatedOnToolsVersion = 6.3.2;
						TestTargetID = B5C8E8BB1B418A1500C2038A;
					};
				};
			};
			buildConfigurationList = B5C8E8B71B418A1500C2038A /* Build configuration list for PBXProject "PetPics" */;
			compatibilityVersion = "Xcode 3.2";
			developmentRegion = English;
			hasScannedForEncodings = 0;
			knownRegions = (
				en,
				Base,
			);
			mainGroup = B5C8E8B31B418A1500C2038A;
			productRefGroup = B5C8E8BD1B418A1500C2038A /* Products */;
			projectDirPath = "";
			projectRoot = "";
			targets = (
				B5C8E8BB1B418A1500C2038A /* PetPics */,
				B5C8E8D01B418A1500C2038A /* PetPicsTests */,
			);
		};
/* End PBXProject section */

/* Begin PBXResourcesBuildPhase section */
		B5C8E8BA1B418A1500C2038A /* Resources */ = {
			isa = PBXResourcesBuildPhase;
			buildActionMask = 2147483647;
			files = (
				B5C8E8C71B418A1500C2038A /* Main.storyboard in Resources */,
				B5C8E8CC1B418A1500C2038A /* LaunchScreen.xib in Resources */,
				B5C8E8C91B418A1500C2038A /* Images.xcassets in Resources */,
			);
			runOnlyForDeploymentPostprocessing = 0;
		};
		B5C8E8CF1B418A1500C2038A /* Resources */ = {
			isa = PBXResourcesBuildPhase;
			buildActionMask = 2147483647;
			files = (
				B5C8E8F31B42F53600C2038A /* Main.storyboard in Resources */,
			);
			runOnlyForDeploymentPostprocessing = 0;
		};
/* End PBXResourcesBuildPhase section */

/* Begin PBXSourcesBuildPhase section */
		B5C8E8B81B418A1500C2038A /* Sources */ = {
			isa = PBXSourcesBuildPhase;
			buildActionMask = 2147483647;
			files = (
				B5C8E8E41B418C6900C2038A /* PetPicCollectionViewController.swift in Sources */,
				B5C8E8C21B418A1500C2038A /* AppDelegate.swift in Sources */,
				B5C8E93A1B430E0900C2038A /* UIAlertView+Helper.m in Sources */,
				B5C8E8EA1B419C8600C2038A /* UIViewController+Background.swift in Sources */,
				B5C8E8E61B41920700C2038A /* PetCollectionViewCell.swift in Sources */,
				B5C8E8E21B418A9200C2038A /* PetTypeTableViewController.swift in Sources */,
				B5C8E8E81B419A3600C2038A /* PetViewController.swift in Sources */,
			);
			runOnlyForDeploymentPostprocessing = 0;
		};
		B5C8E8CD1B418A1500C2038A /* Sources */ = {
			isa = PBXSourcesBuildPhase;
			buildActionMask = 2147483647;
			files = (
				B5C8E8F61B42F59A00C2038A /* UIViewController+Background.swift in Sources */,
				B5C8E8F71B42F5AE00C2038A /* PetCollectionViewCell.swift in Sources */,
				B5C8E8F51B42F59000C2038A /* PetPicCollectionViewController.swift in Sources */,
				B5C8E8F41B42F57F00C2038A /* PetTypeTableViewController.swift in Sources */,
				B5C8E8F81B42F5B700C2038A /* PetViewController.swift in Sources */,
				B5C8E8F21B42F4EA00C2038A /* PetTypeTableViewControllerTest.swift in Sources */,
			);
			runOnlyForDeploymentPostprocessing = 0;
		};
/* End PBXSourcesBuildPhase section */

/* Begin PBXTargetDependency section */
		B5C8E8D31B418A1500C2038A /* PBXTargetDependency */ = {
			isa = PBXTargetDependency;
			target = B5C8E8BB1B418A1500C2038A /* PetPics */;
			targetProxy = B5C8E8D21B418A1500C2038A /* PBXContainerItemProxy */;
		};
/* End PBXTargetDependency section */

/* Begin PBXVariantGroup section */
		B5C8E8C51B418A1500C2038A /* Main.storyboard */ = {
			isa = PBXVariantGroup;
			children = (
				B5C8E8C61B418A1500C2038A /* Base */,
			);
			name = Main.storyboard;
			sourceTree = "<group>";
		};
		B5C8E8CA1B418A1500C2038A /* LaunchScreen.xib */ = {
			isa = PBXVariantGroup;
			children = (
				B5C8E8CB1B418A1500C2038A /* Base */,
			);
			name = LaunchScreen.xib;
			sourceTree = "<group>";
		};
/* End PBXVariantGroup section */

/* Begin XCBuildConfiguration section */
		B5C8E8D91B418A1500C2038A /* Debug */ = {
			isa = XCBuildConfiguration;
			buildSettings = {
				ALWAYS_SEARCH_USER_PATHS = NO;
				CLANG_CXX_LANGUAGE_STANDARD = "gnu++0x";
				CLANG_CXX_LIBRARY = "libc++";
				CLANG_ENABLE_MODULES = YES;
				CLANG_ENABLE_OBJC_ARC = YES;
				CLANG_WARN_BOOL_CONVERSION = YES;
				CLANG_WARN_CONSTANT_CONVERSION = YES;
				CLANG_WARN_DIRECT_OBJC_ISA_USAGE = YES_ERROR;
				CLANG_WARN_EMPTY_BODY = YES;
				CLANG_WARN_ENUM_CONVERSION = YES;
				CLANG_WARN_INT_CONVERSION = YES;
				CLANG_WARN_OBJC_ROOT_CLASS = YES_ERROR;
				CLANG_WARN_UNREACHABLE_CODE = YES;
				CLANG_WARN__DUPLICATE_METHOD_MATCH = YES;
				"CODE_SIGN_IDENTITY[sdk=iphoneos*]" = "iPhone Developer";
				COPY_PHASE_STRIP = NO;
				DEBUG_INFORMATION_FORMAT = "dwarf-with-dsym";
				ENABLE_STRICT_OBJC_MSGSEND = YES;
				ENABLE_TESTABILITY = YES;
				GCC_C_LANGUAGE_STANDARD = gnu99;
				GCC_DYNAMIC_NO_PIC = NO;
				GCC_NO_COMMON_BLOCKS = YES;
				GCC_OPTIMIZATION_LEVEL = 0;
				GCC_PREPROCESSOR_DEFINITIONS = (
					"DEBUG=1",
					"$(inherited)",
				);
				GCC_SYMBOLS_PRIVATE_EXTERN = NO;
				GCC_WARN_64_TO_32_BIT_CONVERSION = YES;
				GCC_WARN_ABOUT_RETURN_TYPE = YES_ERROR;
				GCC_WARN_UNDECLARED_SELECTOR = YES;
				GCC_WARN_UNINITIALIZED_AUTOS = YES_AGGRESSIVE;
				GCC_WARN_UNUSED_FUNCTION = YES;
				GCC_WARN_UNUSED_VARIABLE = YES;
				IPHONEOS_DEPLOYMENT_TARGET = 8.3;
				MTL_ENABLE_DEBUG_INFO = YES;
				ONLY_ACTIVE_ARCH = YES;
				SDKROOT = iphoneos;
				SWIFT_OPTIMIZATION_LEVEL = "-Onone";
				TARGETED_DEVICE_FAMILY = "1,2";
			};
			name = Debug;
		};
		B5C8E8DA1B418A1500C2038A /* Release */ = {
			isa = XCBuildConfiguration;
			buildSettings = {
				ALWAYS_SEARCH_USER_PATHS = NO;
				CLANG_CXX_LANGUAGE_STANDARD = "gnu++0x";
				CLANG_CXX_LIBRARY = "libc++";
				CLANG_ENABLE_MODULES = YES;
				CLANG_ENABLE_OBJC_ARC = YES;
				CLANG_WARN_BOOL_CONVERSION = YES;
				CLANG_WARN_CONSTANT_CONVERSION = YES;
				CLANG_WARN_DIRECT_OBJC_ISA_USAGE = YES_ERROR;
				CLANG_WARN_EMPTY_BODY = YES;
				CLANG_WARN_ENUM_CONVERSION = YES;
				CLANG_WARN_INT_CONVERSION = YES;
				CLANG_WARN_OBJC_ROOT_CLASS = YES_ERROR;
				CLANG_WARN_UNREACHABLE_CODE = YES;
				CLANG_WARN__DUPLICATE_METHOD_MATCH = YES;
				"CODE_SIGN_IDENTITY[sdk=iphoneos*]" = "iPhone Developer";
				COPY_PHASE_STRIP = NO;
				DEBUG_INFORMATION_FORMAT = "dwarf-with-dsym";
				ENABLE_NS_ASSERTIONS = NO;
				ENABLE_STRICT_OBJC_MSGSEND = YES;
				GCC_C_LANGUAGE_STANDARD = gnu99;
				GCC_NO_COMMON_BLOCKS = YES;
				GCC_WARN_64_TO_32_BIT_CONVERSION = YES;
				GCC_WARN_ABOUT_RETURN_TYPE = YES_ERROR;
				GCC_WARN_UNDECLARED_SELECTOR = YES;
				GCC_WARN_UNINITIALIZED_AUTOS = YES_AGGRESSIVE;
				GCC_WARN_UNUSED_FUNCTION = YES;
				GCC_WARN_UNUSED_VARIABLE = YES;
				IPHONEOS_DEPLOYMENT_TARGET = 8.3;
				MTL_ENABLE_DEBUG_INFO = NO;
				SDKROOT = iphoneos;
				TARGETED_DEVICE_FAMILY = "1,2";
				VALIDATE_PRODUCT = YES;
			};
			name = Release;
		};
		B5C8E8DC1B418A1500C2038A /* Debug */ = {
			isa = XCBuildConfiguration;
			buildSettings = {
				ASSETCATALOG_COMPILER_APPICON_NAME = AppIcon;
				CLANG_ENABLE_MODULES = YES;
				INFOPLIST_FILE = PetPics/Info.plist;
				LD_RUNPATH_SEARCH_PATHS = "$(inherited) @executable_path/Frameworks";
				PRODUCT_BUNDLE_IDENTIFIER = "com.northstarnewmedia.$(PRODUCT_NAME:rfc1034identifier)";
				PRODUCT_NAME = "$(TARGET_NAME)";
				SWIFT_OBJC_BRIDGING_HEADER = "PetPics/PetPics-Bridging-Header.h";
				SWIFT_OPTIMIZATION_LEVEL = "-Onone";
			};
			name = Debug;
		};
		B5C8E8DD1B418A1500C2038A /* Release */ = {
			isa = XCBuildConfiguration;
			buildSettings = {
				ASSETCATALOG_COMPILER_APPICON_NAME = AppIcon;
				CLANG_ENABLE_MODULES = YES;
				INFOPLIST_FILE = PetPics/Info.plist;
				LD_RUNPATH_SEARCH_PATHS = "$(inherited) @executable_path/Frameworks";
				PRODUCT_BUNDLE_IDENTIFIER = "com.northstarnewmedia.$(PRODUCT_NAME:rfc1034identifier)";
				PRODUCT_NAME = "$(TARGET_NAME)";
				SWIFT_OBJC_BRIDGING_HEADER = "PetPics/PetPics-Bridging-Header.h";
			};
			name = Release;
		};
		B5C8E8DF1B418A1500C2038A /* Debug */ = {
			isa = XCBuildConfiguration;
			buildSettings = {
				BUNDLE_LOADER = "$(TEST_HOST)";
				CLANG_ENABLE_MODULES = YES;
				FRAMEWORK_SEARCH_PATHS = (
					"$(SDKROOT)/Developer/Library/Frameworks",
					"$(inherited)",
				);
				GCC_PREPROCESSOR_DEFINITIONS = (
					"DEBUG=1",
					"$(inherited)",
				);
				INFOPLIST_FILE = PetPicsTests/Info.plist;
				LD_RUNPATH_SEARCH_PATHS = "$(inherited) @executable_path/Frameworks @loader_path/Frameworks";
				PRODUCT_BUNDLE_IDENTIFIER = "com.northstarnewmedia.$(PRODUCT_NAME:rfc1034identifier)";
				PRODUCT_NAME = "$(TARGET_NAME)";
				SWIFT_OBJC_BRIDGING_HEADER = "PetPics/PetPics-Bridging-Header.h";
				SWIFT_OPTIMIZATION_LEVEL = "-Onone";
				TEST_HOST = "$(BUILT_PRODUCTS_DIR)/PetPics.app/PetPics";
			};
			name = Debug;
		};
		B5C8E8E01B418A1500C2038A /* Release */ = {
			isa = XCBuildConfiguration;
			buildSettings = {
				BUNDLE_LOADER = "$(TEST_HOST)";
				CLANG_ENABLE_MODULES = YES;
				FRAMEWORK_SEARCH_PATHS = (
					"$(SDKROOT)/Developer/Library/Frameworks",
					"$(inherited)",
				);
				INFOPLIST_FILE = PetPicsTests/Info.plist;
				LD_RUNPATH_SEARCH_PATHS = "$(inherited) @executable_path/Frameworks @loader_path/Frameworks";
				PRODUCT_BUNDLE_IDENTIFIER = "com.northstarnewmedia.$(PRODUCT_NAME:rfc1034identifier)";
				PRODUCT_NAME = "$(TARGET_NAME)";
				SWIFT_OBJC_BRIDGING_HEADER = "PetPics/PetPics-Bridging-Header.h";
				TEST_HOST = "$(BUILT_PRODUCTS_DIR)/PetPics.app/PetPics";
			};
			name = Release;
		};
/* End XCBuildConfiguration section */

/* Begin XCConfigurationList section */
		B5C8E8B71B418A1500C2038A /* Build configuration list for PBXProject "PetPics" */ = {
			isa = XCConfigurationList;
			buildConfigurations = (
				B5C8E8D91B418A1500C2038A /* Debug */,
				B5C8E8DA1B418A1500C2038A /* Release */,
			);
			defaultConfigurationIsVisible = 0;
			defaultConfigurationName = Release;
		};
		B5C8E8DB1B418A1500C2038A /* Build configuration list for PBXNativeTarget "PetPics" */ = {
			isa = XCConfigurationList;
			buildConfigurations = (
				B5C8E8DC1B418A1500C2038A /* Debug */,
				B5C8E8DD1B418A1500C2038A /* Release */,
			);
			defaultConfigurationIsVisible = 0;
			defaultConfigurationName = Release;
		};
		B5C8E8DE1B418A1500C2038A /* Build configuration list for PBXNativeTarget "PetPicsTests" */ = {
			isa = XCConfigurationList;
			buildConfigurations = (
				B5C8E8DF1B418A1500C2038A /* Debug */,
				B5C8E8E01B418A1500C2038A /* Release */,
			);
			defaultConfigurationIsVisible = 0;
			defaultConfigurationName = Release;
		};
/* End XCConfigurationList section */
	};
	rootObject = B5C8E8B41B418A1500C2038A /* Project object */;
}
